
Microsoft Visual Studio Solution File, Format Version 12.00
# Visual Studio Version 17
VisualStudioVersion = 17.2.32630.192
MinimumVisualStudioVersion = 10.0.40219.1
Project("{FAE04EC0-301F-11D3-BF4B-00C04F79EFBC}") = "Aztobir.UI", "Aztobir\Aztobir.UI.csproj", "{02876779-BF51-4309-965F-3A4ED9EF945C}"
EndProject
Project("{FAE04EC0-301F-11D3-BF4B-00C04F79EFBC}") = "Aztobir.Data", "Aztobir.Data\Aztobir.Data.csproj", "{A2A2B8C7-99BD-4D65-A598-7DA9E30F4885}"
EndProject
Project("{FAE04EC0-301F-11D3-BF4B-00C04F79EFBC}") = "Aztobir.Core", "Aztobir.Core\Aztobir.Core.csproj", "{701203F1-F9F3-4B20-9F97-1DFA265BD42D}"
EndProject
Project("{FAE04EC0-301F-11D3-BF4B-00C04F79EFBC}") = "Aztobir.Business", "Aztobir.Business\Aztobir.Business.csproj", "{53105C71-8622-4E9F-844D-2429EFF46026}"
EndProject
Global
	GlobalSection(SolutionConfigurationPlatforms) = preSolution
		Debug|Any CPU = Debug|Any CPU
		Release|Any CPU = Release|Any CPU
	EndGlobalSection
	GlobalSection(ProjectConfigurationPlatforms) = postSolution
		{02876779-BF51-4309-965F-3A4ED9EF945C}.Debug|Any CPU.ActiveCfg = Debug|Any CPU
		{02876779-BF51-4309-965F-3A4ED9EF945C}.Debug|Any CPU.Build.0 = Debug|Any CPU
		{02876779-BF51-4309-965F-3A4ED9EF945C}.Release|Any CPU.ActiveCfg = Release|Any CPU
		{02876779-BF51-4309-965F-3A4ED9EF945C}.Release|Any CPU.Build.0 = Release|Any CPU
		{A2A2B8C7-99BD-4D65-A598-7DA9E30F4885}.Debug|Any CPU.ActiveCfg = Debug|Any CPU
		{A2A2B8C7-99BD-4D65-A598-7DA9E30F4885}.Debug|Any CPU.Build.0 = Debug|Any CPU
		{A2A2B8C7-99BD-4D65-A598-7DA9E30F4885}.Release|Any CPU.ActiveCfg = Release|Any CPU
		{A2A2B8C7-99BD-4D65-A598-7DA9E30F4885}.Release|Any CPU.Build.0 = Release|Any CPU
		{701203F1-F9F3-4B20-9F97-1DFA265BD42D}.Debug|Any CPU.ActiveCfg = Debug|Any CPU
		{701203F1-F9F3-4B20-9F97-1DFA265BD42D}.Debug|Any CPU.Build.0 = Debug|Any CPU
		{701203F1-F9F3-4B20-9F97-1DFA265BD42D}.Release|Any CPU.ActiveCfg = Release|Any CPU
		{701203F1-F9F3-4B20-9F97-1DFA265BD42D}.Release|Any CPU.Build.0 = Release|Any CPU
		{53105C71-8622-4E9F-844D-2429EFF46026}.Debug|Any CPU.ActiveCfg = Debug|Any CPU
		{53105C71-8622-4E9F-844D-2429EFF46026}.Debug|Any CPU.Build.0 = Debug|Any CPU
		{53105C71-8622-4E9F-844D-2429EFF46026}.Release|Any CPU.ActiveCfg = Release|Any CPU
		{53105C71-8622-4E9F-844D-2429EFF46026}.Release|Any CPU.Build.0 = Release|Any CPU
	EndGlobalSection
	GlobalSection(SolutionProperties) = preSolution
		HideSolutionNode = FALSE
	EndGlobalSection
	GlobalSection(ExtensibilityGlobals) = postSolution
		SolutionGuid = {0F5EC33B-3300-49A9-8440-9D9D161A6F9E}
	EndGlobalSection
EndGlobal
